{
  "pins" : [
    {
      "identity" : "sdwebimage",
      "kind" : "remoteSourceControl",
      "location" : "https://github.com/SDWebImage/SDWebImage",
      "state" : {
        "revision" : "20df851f2ae27efbaeeff73e9babdf4fd839a144",
        "version" : "5.15.6"
      }
    },
    {
      "identity" : "swift-api-client",
      "kind" : "remoteSourceControl",
      "location" : "https://github.com/schedjoules/swift-api-client",
      "state" : {
        "branch" : "SwiftPackage",
        "revision" : "849224cfc2057fed3a109b070f8ba20d42f6bec6"
      }
    }
  ],
  "version" : 2
}
