PODS:
  - SchedJoulesApiClient (0.8.3)
  - SDWebImage (5.10.4):
    - SDWebImage/Core (= 5.10.4)
  - SDWebImage/Core (5.10.4)

DEPENDENCIES:
  - SchedJoulesApiClient
  - SDWebImage

SPEC REPOS:
  trunk:
    - SchedJoulesApiClient
    - SDWebImage

SPEC CHECKSUMS:
  SchedJoulesApiClient: ec02d931dbb77f3d3ae98ea37045e99b72b8339b
  SDWebImage: c666b97e1fa9c64b4909816a903322018f0a9c84

PODFILE CHECKSUM: 8a149dd58111d2863bfcbd65c15c3f2295d44872

COCOAPODS: 1.10.1
