// !$*UTF8*$!
{
	archiveVersion = 1;
	classes = {
	};
	objectVersion = 48;
	objects = {

/* Begin PBXBuildFile section */
		11E13311B6F934DED2B16326 /* Pods_iOS_SDK.framework in Frameworks */ = {isa = PBXBuildFile; fileRef = 16CB3378AF18E9A3B936806D /* Pods_iOS_SDK.framework */; };
		460015512208987300C6E9F2 /* UserDefaultsKeys.swift in Sources */ = {isa = PBXBuildFile; fileRef = 460015432208987300C6E9F2 /* UserDefaultsKeys.swift */; };
		460015522208987300C6E9F2 /* SJLogger.swift in Sources */ = {isa = PBXBuildFile; fileRef = 460015442208987300C6E9F2 /* SJLogger.swift */; };
		460015532208987300C6E9F2 /* Config.swift in Sources */ = {isa = PBXBuildFile; fileRef = 460015452208987300C6E9F2 /* Config.swift */; };
		460015542208987300C6E9F2 /* SettingsObject.swift in Sources */ = {isa = PBXBuildFile; fileRef = 460015472208987300C6E9F2 /* SettingsObject.swift */; };
		460015552208987300C6E9F2 /* ArrayExtension.swift in Sources */ = {isa = PBXBuildFile; fileRef = 460015492208987300C6E9F2 /* ArrayExtension.swift */; };
		460015572208987300C6E9F2 /* URLRequest+Headers.swift in Sources */ = {isa = PBXBuildFile; fileRef = 4600154B2208987300C6E9F2 /* URLRequest+Headers.swift */; };
		460015582208987300C6E9F2 /* AnalyticsTracker.swift in Sources */ = {isa = PBXBuildFile; fileRef = 460015502208987300C6E9F2 /* AnalyticsTracker.swift */; };
		4610CD16228DD54800CE25C2 /* Reach.swift in Sources */ = {isa = PBXBuildFile; fileRef = 4610CD15228DD53F00CE25C2 /* Reach.swift */; };
		46214AA3222913DE00A92F39 /* UIApplicationExtension.swift in Sources */ = {isa = PBXBuildFile; fileRef = 46214AA2222913DE00A92F39 /* UIApplicationExtension.swift */; };
		4629919423435B8000CA8292 /* NotificationName.swift in Sources */ = {isa = PBXBuildFile; fileRef = 4629919323435B8000CA8292 /* NotificationName.swift */; };
		465569F321C537FA00FE7064 /* SettingsManager.swift in Sources */ = {isa = PBXBuildFile; fileRef = 465569F221C537FA00FE7064 /* SettingsManager.swift */; };
		4657B81322BA106C003A2AE4 /* UITapGestureRecognizer.swift in Sources */ = {isa = PBXBuildFile; fileRef = 4657B81222BA106C003A2AE4 /* UITapGestureRecognizer.swift */; };
		4657B82322BCE174003A2AE4 /* DateExtension.swift in Sources */ = {isa = PBXBuildFile; fileRef = 4657B82222BCE174003A2AE4 /* DateExtension.swift */; };
		4689B9082397D42F0008F6F5 /* SJIntroViewController.swift in Sources */ = {isa = PBXBuildFile; fileRef = 4689B9052397D42E0008F6F5 /* SJIntroViewController.swift */; };
		4689B9092397D42F0008F6F5 /* SJIntroPageContentViewController.swift in Sources */ = {isa = PBXBuildFile; fileRef = 4689B9062397D42E0008F6F5 /* SJIntroPageContentViewController.swift */; };
		4689B90A2397D42F0008F6F5 /* SJIntroPageViewController.swift in Sources */ = {isa = PBXBuildFile; fileRef = 4689B9072397D42F0008F6F5 /* SJIntroPageViewController.swift */; };
		469AA7A023215C830092CBA1 /* WeatherUnitCollectionViewCell.swift in Sources */ = {isa = PBXBuildFile; fileRef = 469AA79B23215C830092CBA1 /* WeatherUnitCollectionViewCell.swift */; };
		469AA7A223215C830092CBA1 /* WeatherSettingsView.swift in Sources */ = {isa = PBXBuildFile; fileRef = 469AA79C23215C830092CBA1 /* WeatherSettingsView.swift */; };
		469AA7A423215C830092CBA1 /* WeatherUnitsViewController.swift in Sources */ = {isa = PBXBuildFile; fileRef = 469AA79D23215C830092CBA1 /* WeatherUnitsViewController.swift */; };
		469AA7A623215C830092CBA1 /* WeatherDetailViewController.swift in Sources */ = {isa = PBXBuildFile; fileRef = 469AA79E23215C830092CBA1 /* WeatherDetailViewController.swift */; };
		469AA7A823215C830092CBA1 /* WeatherMapViewController.swift in Sources */ = {isa = PBXBuildFile; fileRef = 469AA79F23215C830092CBA1 /* WeatherMapViewController.swift */; };
		469AA7AB23215D520092CBA1 /* WeatherPointAnnotation.swift in Sources */ = {isa = PBXBuildFile; fileRef = 469AA7AA23215D520092CBA1 /* WeatherPointAnnotation.swift */; };
		469AA7AD23215D7D0092CBA1 /* StringExtension.swift in Sources */ = {isa = PBXBuildFile; fileRef = 469AA7AC23215D7D0092CBA1 /* StringExtension.swift */; };
		46F45C5122607E800005EAB6 /* Bundle+ResourceBundle.swift in Sources */ = {isa = PBXBuildFile; fileRef = 46F45C5022607E800005EAB6 /* Bundle+ResourceBundle.swift */; };
		46F45C5422608B5D0005EAB6 /* StoreViewController.swift in Sources */ = {isa = PBXBuildFile; fileRef = 46F45C5222608B5D0005EAB6 /* StoreViewController.swift */; };
		46F45C5522608B5D0005EAB6 /* StoreManager.swift in Sources */ = {isa = PBXBuildFile; fileRef = 46F45C5322608B5D0005EAB6 /* StoreManager.swift */; };
		46F45C5722608BA00005EAB6 /* UIColorExtension.swift in Sources */ = {isa = PBXBuildFile; fileRef = 46F45C5622608BA00005EAB6 /* UIColorExtension.swift */; };
		B625A60920C038D000586F5E /* ViewController.swift in Sources */ = {isa = PBXBuildFile; fileRef = B625A60120C038D000586F5E /* ViewController.swift */; };
		B625A60A20C038D000586F5E /* Assets.xcassets in Resources */ = {isa = PBXBuildFile; fileRef = B625A60220C038D000586F5E /* Assets.xcassets */; };
		B625A60B20C038D000586F5E /* LaunchScreen.storyboard in Resources */ = {isa = PBXBuildFile; fileRef = B625A60320C038D000586F5E /* LaunchScreen.storyboard */; };
		B625A60C20C038D000586F5E /* Main.storyboard in Resources */ = {isa = PBXBuildFile; fileRef = B625A60520C038D000586F5E /* Main.storyboard */; };
		B625A60D20C038D000586F5E /* AppDelegate.swift in Sources */ = {isa = PBXBuildFile; fileRef = B625A60720C038D000586F5E /* AppDelegate.swift */; };
		B67696AA20C16BE200D57347 /* CalendarStoreSinglePageViewController.swift in Sources */ = {isa = PBXBuildFile; fileRef = B67696A920C16BE200D57347 /* CalendarStoreSinglePageViewController.swift */; };
		B69268872089F32A003456FB /* PageViewController.swift in Sources */ = {isa = PBXBuildFile; fileRef = B69268862089F32A003456FB /* PageViewController.swift */; };
		B6D3E050204D97570044C800 /* iOS_SDKTests.swift in Sources */ = {isa = PBXBuildFile; fileRef = B6D3E04F204D97570044C800 /* iOS_SDKTests.swift */; };
		B6EF1C4420780879003E0095 /* SDK.storyboard in Resources */ = {isa = PBXBuildFile; fileRef = B6EF1C1120780878003E0095 /* SDK.storyboard */; };
		B6EF1C4520780879003E0095 /* SDK.xcassets in Resources */ = {isa = PBXBuildFile; fileRef = B6EF1C1220780879003E0095 /* SDK.xcassets */; };
		B6EF1C5E20780879003E0095 /* SettingsDetailViewController.swift in Sources */ = {isa = PBXBuildFile; fileRef = B6EF1C3A20780879003E0095 /* SettingsDetailViewController.swift */; };
		B6EF1C5F20780879003E0095 /* SettingsWebViewController.swift in Sources */ = {isa = PBXBuildFile; fileRef = B6EF1C3B20780879003E0095 /* SettingsWebViewController.swift */; };
		B6EF1C6020780879003E0095 /* SettingsViewController.swift in Sources */ = {isa = PBXBuildFile; fileRef = B6EF1C3C20780879003E0095 /* SettingsViewController.swift */; };
		B6EF1C6120780879003E0095 /* CalendarStoreViewController.swift in Sources */ = {isa = PBXBuildFile; fileRef = B6EF1C3D20780879003E0095 /* CalendarStoreViewController.swift */; };
		B6EF1C6220780879003E0095 /* EventViewController.swift in Sources */ = {isa = PBXBuildFile; fileRef = B6EF1C3E20780879003E0095 /* EventViewController.swift */; };
		B6EF1C6320780879003E0095 /* CalendarItemViewController.swift in Sources */ = {isa = PBXBuildFile; fileRef = B6EF1C3F20780879003E0095 /* CalendarItemViewController.swift */; };
		B6EF1C6520780879003E0095 /* LoadErrorView.swift in Sources */ = {isa = PBXBuildFile; fileRef = B6EF1C4220780879003E0095 /* LoadErrorView.swift */; };
		B6EF1C6620780879003E0095 /* LoadErrorView.xib in Resources */ = {isa = PBXBuildFile; fileRef = B6EF1C4320780879003E0095 /* LoadErrorView.xib */; };
/* End PBXBuildFile section */

/* Begin PBXContainerItemProxy section */
		B6D3E04C204D97570044C800 /* PBXContainerItemProxy */ = {
			isa = PBXContainerItemProxy;
			containerPortal = B6D3E02F204D97570044C800 /* Project object */;
			proxyType = 1;
			remoteGlobalIDString = B6D3E036204D97570044C800;
			remoteInfo = "iOS-SDK";
		};
/* End PBXContainerItemProxy section */

/* Begin PBXFileReference section */
		116E5228BC3B1C0076C7D9CB /* Pods-iOS-SDK.debug.xcconfig */ = {isa = PBXFileReference; includeInIndex = 1; lastKnownFileType = text.xcconfig; name = "Pods-iOS-SDK.debug.xcconfig"; path = "Pods/Target Support Files/Pods-iOS-SDK/Pods-iOS-SDK.debug.xcconfig"; sourceTree = "<group>"; };
		16CB3378AF18E9A3B936806D /* Pods_iOS_SDK.framework */ = {isa = PBXFileReference; explicitFileType = wrapper.framework; includeInIndex = 0; path = Pods_iOS_SDK.framework; sourceTree = BUILT_PRODUCTS_DIR; };
		32F3C33597A535DB8FABA56F /* Pods-iOS-SDK.release.xcconfig */ = {isa = PBXFileReference; includeInIndex = 1; lastKnownFileType = text.xcconfig; name = "Pods-iOS-SDK.release.xcconfig"; path = "Pods/Target Support Files/Pods-iOS-SDK/Pods-iOS-SDK.release.xcconfig"; sourceTree = "<group>"; };
		460015432208987300C6E9F2 /* UserDefaultsKeys.swift */ = {isa = PBXFileReference; fileEncoding = 4; lastKnownFileType = sourcecode.swift; path = UserDefaultsKeys.swift; sourceTree = "<group>"; };
		460015442208987300C6E9F2 /* SJLogger.swift */ = {isa = PBXFileReference; fileEncoding = 4; lastKnownFileType = sourcecode.swift; path = SJLogger.swift; sourceTree = "<group>"; };
		460015452208987300C6E9F2 /* Config.swift */ = {isa = PBXFileReference; fileEncoding = 4; lastKnownFileType = sourcecode.swift; path = Config.swift; sourceTree = "<group>"; };
		460015472208987300C6E9F2 /* SettingsObject.swift */ = {isa = PBXFileReference; fileEncoding = 4; lastKnownFileType = sourcecode.swift; path = SettingsObject.swift; sourceTree = "<group>"; };
		460015492208987300C6E9F2 /* ArrayExtension.swift */ = {isa = PBXFileReference; fileEncoding = 4; lastKnownFileType = sourcecode.swift; path = ArrayExtension.swift; sourceTree = "<group>"; };
		4600154B2208987300C6E9F2 /* URLRequest+Headers.swift */ = {isa = PBXFileReference; fileEncoding = 4; lastKnownFileType = sourcecode.swift; path = "URLRequest+Headers.swift"; sourceTree = "<group>"; };
		460015502208987300C6E9F2 /* AnalyticsTracker.swift */ = {isa = PBXFileReference; fileEncoding = 4; lastKnownFileType = sourcecode.swift; path = AnalyticsTracker.swift; sourceTree = "<group>"; };
		4610CD15228DD53F00CE25C2 /* Reach.swift */ = {isa = PBXFileReference; fileEncoding = 4; lastKnownFileType = sourcecode.swift; path = Reach.swift; sourceTree = "<group>"; };
		46214AA2222913DE00A92F39 /* UIApplicationExtension.swift */ = {isa = PBXFileReference; lastKnownFileType = sourcecode.swift; path = UIApplicationExtension.swift; sourceTree = "<group>"; };
		4629919323435B8000CA8292 /* NotificationName.swift */ = {isa = PBXFileReference; lastKnownFileType = sourcecode.swift; path = NotificationName.swift; sourceTree = "<group>"; };
		464F7BCA2233D1AE00907906 /* iOS-SDK.entitlements */ = {isa = PBXFileReference; lastKnownFileType = text.plist.entitlements; path = "iOS-SDK.entitlements"; sourceTree = "<group>"; };
		465569F221C537FA00FE7064 /* SettingsManager.swift */ = {isa = PBXFileReference; lastKnownFileType = sourcecode.swift; path = SettingsManager.swift; sourceTree = "<group>"; };
		4657B81222BA106C003A2AE4 /* UITapGestureRecognizer.swift */ = {isa = PBXFileReference; lastKnownFileType = sourcecode.swift; path = UITapGestureRecognizer.swift; sourceTree = "<group>"; };
		4657B82222BCE174003A2AE4 /* DateExtension.swift */ = {isa = PBXFileReference; lastKnownFileType = sourcecode.swift; path = DateExtension.swift; sourceTree = "<group>"; };
		4689B9052397D42E0008F6F5 /* SJIntroViewController.swift */ = {isa = PBXFileReference; fileEncoding = 4; lastKnownFileType = sourcecode.swift; path = SJIntroViewController.swift; sourceTree = "<group>"; };
		4689B9062397D42E0008F6F5 /* SJIntroPageContentViewController.swift */ = {isa = PBXFileReference; fileEncoding = 4; lastKnownFileType = sourcecode.swift; path = SJIntroPageContentViewController.swift; sourceTree = "<group>"; };
		4689B9072397D42F0008F6F5 /* SJIntroPageViewController.swift */ = {isa = PBXFileReference; fileEncoding = 4; lastKnownFileType = sourcecode.swift; path = SJIntroPageViewController.swift; sourceTree = "<group>"; };
		469AA79B23215C830092CBA1 /* WeatherUnitCollectionViewCell.swift */ = {isa = PBXFileReference; fileEncoding = 4; lastKnownFileType = sourcecode.swift; path = WeatherUnitCollectionViewCell.swift; sourceTree = "<group>"; };
		469AA79C23215C830092CBA1 /* WeatherSettingsView.swift */ = {isa = PBXFileReference; fileEncoding = 4; lastKnownFileType = sourcecode.swift; path = WeatherSettingsView.swift; sourceTree = "<group>"; };
		469AA79D23215C830092CBA1 /* WeatherUnitsViewController.swift */ = {isa = PBXFileReference; fileEncoding = 4; lastKnownFileType = sourcecode.swift; path = WeatherUnitsViewController.swift; sourceTree = "<group>"; };
		469AA79E23215C830092CBA1 /* WeatherDetailViewController.swift */ = {isa = PBXFileReference; fileEncoding = 4; lastKnownFileType = sourcecode.swift; path = WeatherDetailViewController.swift; sourceTree = "<group>"; };
		469AA79F23215C830092CBA1 /* WeatherMapViewController.swift */ = {isa = PBXFileReference; fileEncoding = 4; lastKnownFileType = sourcecode.swift; path = WeatherMapViewController.swift; sourceTree = "<group>"; };
		469AA7AA23215D520092CBA1 /* WeatherPointAnnotation.swift */ = {isa = PBXFileReference; fileEncoding = 4; lastKnownFileType = sourcecode.swift; path = WeatherPointAnnotation.swift; sourceTree = "<group>"; };
		469AA7AC23215D7D0092CBA1 /* StringExtension.swift */ = {isa = PBXFileReference; fileEncoding = 4; lastKnownFileType = sourcecode.swift; path = StringExtension.swift; sourceTree = "<group>"; };
		46F45C5022607E800005EAB6 /* Bundle+ResourceBundle.swift */ = {isa = PBXFileReference; fileEncoding = 4; lastKnownFileType = sourcecode.swift; path = "Bundle+ResourceBundle.swift"; sourceTree = "<group>"; };
		46F45C5222608B5D0005EAB6 /* StoreViewController.swift */ = {isa = PBXFileReference; fileEncoding = 4; lastKnownFileType = sourcecode.swift; path = StoreViewController.swift; sourceTree = "<group>"; };
		46F45C5322608B5D0005EAB6 /* StoreManager.swift */ = {isa = PBXFileReference; fileEncoding = 4; lastKnownFileType = sourcecode.swift; path = StoreManager.swift; sourceTree = "<group>"; };
		46F45C5622608BA00005EAB6 /* UIColorExtension.swift */ = {isa = PBXFileReference; fileEncoding = 4; lastKnownFileType = sourcecode.swift; path = UIColorExtension.swift; sourceTree = "<group>"; };
		B625A60120C038D000586F5E /* ViewController.swift */ = {isa = PBXFileReference; fileEncoding = 4; lastKnownFileType = sourcecode.swift; path = ViewController.swift; sourceTree = "<group>"; };
		B625A60220C038D000586F5E /* Assets.xcassets */ = {isa = PBXFileReference; lastKnownFileType = folder.assetcatalog; path = Assets.xcassets; sourceTree = "<group>"; };
		B625A60420C038D000586F5E /* Base */ = {isa = PBXFileReference; lastKnownFileType = file.storyboard; name = Base; path = Base.lproj/LaunchScreen.storyboard; sourceTree = "<group>"; };
		B625A60620C038D000586F5E /* Base */ = {isa = PBXFileReference; lastKnownFileType = file.storyboard; name = Base; path = Base.lproj/Main.storyboard; sourceTree = "<group>"; };
		B625A60720C038D000586F5E /* AppDelegate.swift */ = {isa = PBXFileReference; fileEncoding = 4; lastKnownFileType = sourcecode.swift; path = AppDelegate.swift; sourceTree = "<group>"; };
		B625A60820C038D000586F5E /* Info.plist */ = {isa = PBXFileReference; fileEncoding = 4; lastKnownFileType = text.plist.xml; path = Info.plist; sourceTree = "<group>"; };
		B67696A920C16BE200D57347 /* CalendarStoreSinglePageViewController.swift */ = {isa = PBXFileReference; lastKnownFileType = sourcecode.swift; path = CalendarStoreSinglePageViewController.swift; sourceTree = "<group>"; };
		B69268862089F32A003456FB /* PageViewController.swift */ = {isa = PBXFileReference; lastKnownFileType = sourcecode.swift; path = PageViewController.swift; sourceTree = "<group>"; };
		B6D3E037204D97570044C800 /* iOS-SDK.app */ = {isa = PBXFileReference; explicitFileType = wrapper.application; includeInIndex = 0; path = "iOS-SDK.app"; sourceTree = BUILT_PRODUCTS_DIR; };
		B6D3E04B204D97570044C800 /* iOS-SDKTests.xctest */ = {isa = PBXFileReference; explicitFileType = wrapper.cfbundle; includeInIndex = 0; path = "iOS-SDKTests.xctest"; sourceTree = BUILT_PRODUCTS_DIR; };
		B6D3E04F204D97570044C800 /* iOS_SDKTests.swift */ = {isa = PBXFileReference; lastKnownFileType = sourcecode.swift; path = iOS_SDKTests.swift; sourceTree = "<group>"; };
		B6D3E051204D97570044C800 /* Info.plist */ = {isa = PBXFileReference; lastKnownFileType = text.plist.xml; path = Info.plist; sourceTree = "<group>"; };
		B6EF1C1120780878003E0095 /* SDK.storyboard */ = {isa = PBXFileReference; fileEncoding = 4; lastKnownFileType = file.storyboard; path = SDK.storyboard; sourceTree = "<group>"; };
		B6EF1C1220780879003E0095 /* SDK.xcassets */ = {isa = PBXFileReference; lastKnownFileType = folder.assetcatalog; path = SDK.xcassets; sourceTree = "<group>"; };
		B6EF1C3A20780879003E0095 /* SettingsDetailViewController.swift */ = {isa = PBXFileReference; fileEncoding = 4; lastKnownFileType = sourcecode.swift; path = SettingsDetailViewController.swift; sourceTree = "<group>"; };
		B6EF1C3B20780879003E0095 /* SettingsWebViewController.swift */ = {isa = PBXFileReference; fileEncoding = 4; lastKnownFileType = sourcecode.swift; path = SettingsWebViewController.swift; sourceTree = "<group>"; };
		B6EF1C3C20780879003E0095 /* SettingsViewController.swift */ = {isa = PBXFileReference; fileEncoding = 4; lastKnownFileType = sourcecode.swift; path = SettingsViewController.swift; sourceTree = "<group>"; };
		B6EF1C3D20780879003E0095 /* CalendarStoreViewController.swift */ = {isa = PBXFileReference; fileEncoding = 4; lastKnownFileType = sourcecode.swift; path = CalendarStoreViewController.swift; sourceTree = "<group>"; };
		B6EF1C3E20780879003E0095 /* EventViewController.swift */ = {isa = PBXFileReference; fileEncoding = 4; lastKnownFileType = sourcecode.swift; path = EventViewController.swift; sourceTree = "<group>"; };
		B6EF1C3F20780879003E0095 /* CalendarItemViewController.swift */ = {isa = PBXFileReference; fileEncoding = 4; lastKnownFileType = sourcecode.swift; path = CalendarItemViewController.swift; sourceTree = "<group>"; };
		B6EF1C4220780879003E0095 /* LoadErrorView.swift */ = {isa = PBXFileReference; fileEncoding = 4; lastKnownFileType = sourcecode.swift; path = LoadErrorView.swift; sourceTree = "<group>"; };
		B6EF1C4320780879003E0095 /* LoadErrorView.xib */ = {isa = PBXFileReference; fileEncoding = 4; lastKnownFileType = file.xib; path = LoadErrorView.xib; sourceTree = "<group>"; };
/* End PBXFileReference section */

/* Begin PBXFrameworksBuildPhase section */
		B6D3E034204D97570044C800 /* Frameworks */ = {
			isa = PBXFrameworksBuildPhase;
			buildActionMask = 2147483647;
			files = (
				11E13311B6F934DED2B16326 /* Pods_iOS_SDK.framework in Frameworks */,
			);
			runOnlyForDeploymentPostprocessing = 0;
		};
		B6D3E048204D97570044C800 /* Frameworks */ = {
			isa = PBXFrameworksBuildPhase;
			buildActionMask = 2147483647;
			files = (
			);
			runOnlyForDeploymentPostprocessing = 0;
		};
/* End PBXFrameworksBuildPhase section */

/* Begin PBXGroup section */
		460015422208987300C6E9F2 /* Utils */ = {
			isa = PBXGroup;
			children = (
				460015452208987300C6E9F2 /* Config.swift */,
				4610CD15228DD53F00CE25C2 /* Reach.swift */,
				460015442208987300C6E9F2 /* SJLogger.swift */,
				460015432208987300C6E9F2 /* UserDefaultsKeys.swift */,
				460015462208987300C6E9F2 /* Models */,
				460015482208987300C6E9F2 /* Extensions */,
				4600154C2208987300C6E9F2 /* Analytics */,
			);
			path = Utils;
			sourceTree = "<group>";
		};
		460015462208987300C6E9F2 /* Models */ = {
			isa = PBXGroup;
			children = (
				460015472208987300C6E9F2 /* SettingsObject.swift */,
				469AA7AA23215D520092CBA1 /* WeatherPointAnnotation.swift */,
			);
			path = Models;
			sourceTree = "<group>";
		};
		460015482208987300C6E9F2 /* Extensions */ = {
			isa = PBXGroup;
			children = (
				460015492208987300C6E9F2 /* ArrayExtension.swift */,
				46F45C5022607E800005EAB6 /* Bundle+ResourceBundle.swift */,
				4657B82222BCE174003A2AE4 /* DateExtension.swift */,
				4629919323435B8000CA8292 /* NotificationName.swift */,
				469AA7AC23215D7D0092CBA1 /* StringExtension.swift */,
				46214AA2222913DE00A92F39 /* UIApplicationExtension.swift */,
				46F45C5622608BA00005EAB6 /* UIColorExtension.swift */,
				4657B81222BA106C003A2AE4 /* UITapGestureRecognizer.swift */,
				4600154B2208987300C6E9F2 /* URLRequest+Headers.swift */,
			);
			path = Extensions;
			sourceTree = "<group>";
		};
		4600154C2208987300C6E9F2 /* Analytics */ = {
			isa = PBXGroup;
			children = (
				460015502208987300C6E9F2 /* AnalyticsTracker.swift */,
			);
			path = Analytics;
			sourceTree = "<group>";
		};
		4689B9042397D4190008F6F5 /* IntroPages */ = {
			isa = PBXGroup;
			children = (
				4689B9062397D42E0008F6F5 /* SJIntroPageContentViewController.swift */,
				4689B9072397D42F0008F6F5 /* SJIntroPageViewController.swift */,
				4689B9052397D42E0008F6F5 /* SJIntroViewController.swift */,
			);
			path = IntroPages;
			sourceTree = "<group>";
		};
		468B4E35221EB98900211C2A /* Store */ = {
			isa = PBXGroup;
			children = (
				46F45C5322608B5D0005EAB6 /* StoreManager.swift */,
				46F45C5222608B5D0005EAB6 /* StoreViewController.swift */,
			);
			path = Store;
			sourceTree = "<group>";
		};
		469AA79A23215C830092CBA1 /* WeatherMap */ = {
			isa = PBXGroup;
			children = (
				469AA79B23215C830092CBA1 /* WeatherUnitCollectionViewCell.swift */,
				469AA79C23215C830092CBA1 /* WeatherSettingsView.swift */,
				469AA79D23215C830092CBA1 /* WeatherUnitsViewController.swift */,
				469AA79E23215C830092CBA1 /* WeatherDetailViewController.swift */,
				469AA79F23215C830092CBA1 /* WeatherMapViewController.swift */,
			);
			path = WeatherMap;
			sourceTree = "<group>";
		};
		8F02A3D2818F97746AAFE47C /* Frameworks */ = {
			isa = PBXGroup;
			children = (
				16CB3378AF18E9A3B936806D /* Pods_iOS_SDK.framework */,
			);
			name = Frameworks;
			sourceTree = "<group>";
		};
		B60CC7E520B0AA7200CAE3BD /* Supporting Files */ = {
			isa = PBXGroup;
			children = (
				B6EF1C1120780878003E0095 /* SDK.storyboard */,
				B6EF1C1220780879003E0095 /* SDK.xcassets */,
			);
			path = "Supporting Files";
			sourceTree = "<group>";
		};
		B625A60020C038D000586F5E /* Demo */ = {
			isa = PBXGroup;
			children = (
				B625A60120C038D000586F5E /* ViewController.swift */,
				B625A60220C038D000586F5E /* Assets.xcassets */,
				B625A60320C038D000586F5E /* LaunchScreen.storyboard */,
				B625A60520C038D000586F5E /* Main.storyboard */,
				B625A60720C038D000586F5E /* AppDelegate.swift */,
				B625A60820C038D000586F5E /* Info.plist */,
			);
			path = Demo;
			sourceTree = "<group>";
		};
		B6D3E02E204D97570044C800 = {
			isa = PBXGroup;
			children = (
				464F7BCA2233D1AE00907906 /* iOS-SDK.entitlements */,
				B6D3E05A204D97CE0044C800 /* SDK */,
				B625A60020C038D000586F5E /* Demo */,
				B6D3E04E204D97570044C800 /* iOS-SDKTests */,
				B6D3E038204D97570044C800 /* Products */,
				C50301A734A4DEE4227C09E3 /* Pods */,
				8F02A3D2818F97746AAFE47C /* Frameworks */,
			);
			sourceTree = "<group>";
		};
		B6D3E038204D97570044C800 /* Products */ = {
			isa = PBXGroup;
			children = (
				B6D3E037204D97570044C800 /* iOS-SDK.app */,
				B6D3E04B204D97570044C800 /* iOS-SDKTests.xctest */,
			);
			name = Products;
			sourceTree = "<group>";
		};
		B6D3E04E204D97570044C800 /* iOS-SDKTests */ = {
			isa = PBXGroup;
			children = (
				B6D3E04F204D97570044C800 /* iOS_SDKTests.swift */,
				B6D3E051204D97570044C800 /* Info.plist */,
			);
			path = "iOS-SDKTests";
			sourceTree = "<group>";
		};
		B6D3E05A204D97CE0044C800 /* SDK */ = {
			isa = PBXGroup;
			children = (
				468B4E35221EB98900211C2A /* Store */,
				460015422208987300C6E9F2 /* Utils */,
				B6EF1C3D20780879003E0095 /* CalendarStoreViewController.swift */,
				B67696A920C16BE200D57347 /* CalendarStoreSinglePageViewController.swift */,
				B6EF1C3820780879003E0095 /* ViewControllers */,
				B6EF1C4120780879003E0095 /* Views */,
				B60CC7E520B0AA7200CAE3BD /* Supporting Files */,
			);
			path = SDK;
			sourceTree = "<group>";
		};
		B6EF1C3820780879003E0095 /* ViewControllers */ = {
			isa = PBXGroup;
			children = (
				4689B9042397D4190008F6F5 /* IntroPages */,
				B69268862089F32A003456FB /* PageViewController.swift */,
				B6EF1C3F20780879003E0095 /* CalendarItemViewController.swift */,
				B6EF1C3E20780879003E0095 /* EventViewController.swift */,
				B6EF1C3920780879003E0095 /* Settings */,
				469AA79A23215C830092CBA1 /* WeatherMap */,
			);
			path = ViewControllers;
			sourceTree = "<group>";
		};
		B6EF1C3920780879003E0095 /* Settings */ = {
			isa = PBXGroup;
			children = (
				465569F221C537FA00FE7064 /* SettingsManager.swift */,
				B6EF1C3C20780879003E0095 /* SettingsViewController.swift */,
				B6EF1C3A20780879003E0095 /* SettingsDetailViewController.swift */,
				B6EF1C3B20780879003E0095 /* SettingsWebViewController.swift */,
			);
			path = Settings;
			sourceTree = "<group>";
		};
		B6EF1C4120780879003E0095 /* Views */ = {
			isa = PBXGroup;
			children = (
				B6EF1C4220780879003E0095 /* LoadErrorView.swift */,
				B6EF1C4320780879003E0095 /* LoadErrorView.xib */,
			);
			path = Views;
			sourceTree = "<group>";
		};
		C50301A734A4DEE4227C09E3 /* Pods */ = {
			isa = PBXGroup;
			children = (
				116E5228BC3B1C0076C7D9CB /* Pods-iOS-SDK.debug.xcconfig */,
				32F3C33597A535DB8FABA56F /* Pods-iOS-SDK.release.xcconfig */,
			);
			name = Pods;
			sourceTree = "<group>";
		};
/* End PBXGroup section */

/* Begin PBXNativeTarget section */
		B6D3E036204D97570044C800 /* iOS-SDK */ = {
			isa = PBXNativeTarget;
			buildConfigurationList = B6D3E054204D97570044C800 /* Build configuration list for PBXNativeTarget "iOS-SDK" */;
			buildPhases = (
				0DA96DAAC8C49EE1B73832E2 /* [CP] Check Pods Manifest.lock */,
				B6D3E033204D97570044C800 /* Sources */,
				B6D3E034204D97570044C800 /* Frameworks */,
				B6D3E035204D97570044C800 /* Resources */,
				464F7BD52248B62700907906 /* ShellScript */,
				54B00ED1695F2B9D6231B8D5 /* [CP] Embed Pods Frameworks */,
			);
			buildRules = (
			);
			dependencies = (
			);
			name = "iOS-SDK";
			productName = "iOS-SDK";
			productReference = B6D3E037204D97570044C800 /* iOS-SDK.app */;
			productType = "com.apple.product-type.application";
		};
		B6D3E04A204D97570044C800 /* iOS-SDKTests */ = {
			isa = PBXNativeTarget;
			buildConfigurationList = B6D3E057204D97570044C800 /* Build configuration list for PBXNativeTarget "iOS-SDKTests" */;
			buildPhases = (
				B6D3E047204D97570044C800 /* Sources */,
				B6D3E048204D97570044C800 /* Frameworks */,
				B6D3E049204D97570044C800 /* Resources */,
			);
			buildRules = (
			);
			dependencies = (
				B6D3E04D204D97570044C800 /* PBXTargetDependency */,
			);
			name = "iOS-SDKTests";
			productName = "iOS-SDKTests";
			productReference = B6D3E04B204D97570044C800 /* iOS-SDKTests.xctest */;
			productType = "com.apple.product-type.bundle.unit-test";
		};
/* End PBXNativeTarget section */

/* Begin PBXProject section */
		B6D3E02F204D97570044C800 /* Project object */ = {
			isa = PBXProject;
			attributes = {
				LastSwiftUpdateCheck = 0920;
				LastUpgradeCheck = 0930;
				ORGANIZATIONNAME = SchedJoules;
				TargetAttributes = {
					B6D3E036204D97570044C800 = {
						CreatedOnToolsVersion = 9.2;
						ProvisioningStyle = Automatic;
						SystemCapabilities = {
							com.apple.iCloud = {
								enabled = 1;
							};
						};
					};
					B6D3E04A204D97570044C800 = {
						CreatedOnToolsVersion = 9.2;
						ProvisioningStyle = Automatic;
						TestTargetID = B6D3E036204D97570044C800;
					};
				};
			};
			buildConfigurationList = B6D3E032204D97570044C800 /* Build configuration list for PBXProject "iOS-SDK" */;
			compatibilityVersion = "Xcode 8.0";
			developmentRegion = en;
			hasScannedForEncodings = 0;
			knownRegions = (
				en,
				Base,
			);
			mainGroup = B6D3E02E204D97570044C800;
			productRefGroup = B6D3E038204D97570044C800 /* Products */;
			projectDirPath = "";
			projectRoot = "";
			targets = (
				B6D3E036204D97570044C800 /* iOS-SDK */,
				B6D3E04A204D97570044C800 /* iOS-SDKTests */,
			);
		};
/* End PBXProject section */

/* Begin PBXResourcesBuildPhase section */
		B6D3E035204D97570044C800 /* Resources */ = {
			isa = PBXResourcesBuildPhase;
			buildActionMask = 2147483647;
			files = (
				B6EF1C4520780879003E0095 /* SDK.xcassets in Resources */,
				B6EF1C4420780879003E0095 /* SDK.storyboard in Resources */,
				B625A60A20C038D000586F5E /* Assets.xcassets in Resources */,
				B625A60C20C038D000586F5E /* Main.storyboard in Resources */,
				B625A60B20C038D000586F5E /* LaunchScreen.storyboard in Resources */,
				B6EF1C6620780879003E0095 /* LoadErrorView.xib in Resources */,
			);
			runOnlyForDeploymentPostprocessing = 0;
		};
		B6D3E049204D97570044C800 /* Resources */ = {
			isa = PBXResourcesBuildPhase;
			buildActionMask = 2147483647;
			files = (
			);
			runOnlyForDeploymentPostprocessing = 0;
		};
/* End PBXResourcesBuildPhase section */

/* Begin PBXShellScriptBuildPhase section */
		0DA96DAAC8C49EE1B73832E2 /* [CP] Check Pods Manifest.lock */ = {
			isa = PBXShellScriptBuildPhase;
			buildActionMask = 2147483647;
			files = (
			);
			inputPaths = (
				"${PODS_PODFILE_DIR_PATH}/Podfile.lock",
				"${PODS_ROOT}/Manifest.lock",
			);
			name = "[CP] Check Pods Manifest.lock";
			outputPaths = (
				"$(DERIVED_FILE_DIR)/Pods-iOS-SDK-checkManifestLockResult.txt",
			);
			runOnlyForDeploymentPostprocessing = 0;
			shellPath = /bin/sh;
			shellScript = "diff \"${PODS_PODFILE_DIR_PATH}/Podfile.lock\" \"${PODS_ROOT}/Manifest.lock\" > /dev/null\nif [ $? != 0 ] ; then\n    # print error to STDERR\n    echo \"error: The sandbox is not in sync with the Podfile.lock. Run 'pod install' or update your CocoaPods installation.\" >&2\n    exit 1\nfi\n# This output is used by Xcode 'outputs' to avoid re-running this script phase.\necho \"SUCCESS\" > \"${SCRIPT_OUTPUT_FILE_0}\"\n";
			showEnvVarsInLog = 0;
		};
		464F7BD52248B62700907906 /* ShellScript */ = {
			isa = PBXShellScriptBuildPhase;
			buildActionMask = 2147483647;
			files = (
			);
			inputFileListPaths = (
			);
			inputPaths = (
			);
			outputFileListPaths = (
			);
			outputPaths = (
			);
			runOnlyForDeploymentPostprocessing = 0;
			shellPath = /bin/sh;
			shellScript = "
";
		};
		54B00ED1695F2B9D6231B8D5 /* [CP] Embed Pods Frameworks */ = {
			isa = PBXShellScriptBuildPhase;
			buildActionMask = 2147483647;
			files = (
			);
			inputPaths = (
				"${PODS_ROOT}/Target Support Files/Pods-iOS-SDK/Pods-iOS-SDK-frameworks.sh",
				"${BUILT_PRODUCTS_DIR}/Alamofire/Alamofire.framework",
				"${BUILT_PRODUCTS_DIR}/Result/Result.framework",
				"${BUILT_PRODUCTS_DIR}/SDWebImage/SDWebImage.framework",
				"${BUILT_PRODUCTS_DIR}/SchedJoulesApiClient/SchedJoulesApiClient.framework",
			);
			name = "[CP] Embed Pods Frameworks";
			outputPaths = (
				"${TARGET_BUILD_DIR}/${FRAMEWORKS_FOLDER_PATH}/Alamofire.framework",
				"${TARGET_BUILD_DIR}/${FRAMEWORKS_FOLDER_PATH}/Result.framework",
				"${TARGET_BUILD_DIR}/${FRAMEWORKS_FOLDER_PATH}/SDWebImage.framework",
				"${TARGET_BUILD_DIR}/${FRAMEWORKS_FOLDER_PATH}/SchedJoulesApiClient.framework",
			);
			runOnlyForDeploymentPostprocessing = 0;
			shellPath = /bin/sh;
			shellScript = "\"${PODS_ROOT}/Target Support Files/Pods-iOS-SDK/Pods-iOS-SDK-frameworks.sh\"\n";
			showEnvVarsInLog = 0;
		};
/* End PBXShellScriptBuildPhase section */

/* Begin PBXSourcesBuildPhase section */
		B6D3E033204D97570044C800 /* Sources */ = {
			isa = PBXSourcesBuildPhase;
			buildActionMask = 2147483647;
			files = (
				460015522208987300C6E9F2 /* SJLogger.swift in Sources */,
				46F45C5522608B5D0005EAB6 /* StoreManager.swift in Sources */,
				460015552208987300C6E9F2 /* ArrayExtension.swift in Sources */,
				4629919423435B8000CA8292 /* NotificationName.swift in Sources */,
				46F45C5422608B5D0005EAB6 /* StoreViewController.swift in Sources */,
				B625A60D20C038D000586F5E /* AppDelegate.swift in Sources */,
				4689B9082397D42F0008F6F5 /* SJIntroViewController.swift in Sources */,
				469AA7A223215C830092CBA1 /* WeatherSettingsView.swift in Sources */,
				469AA7A823215C830092CBA1 /* WeatherMapViewController.swift in Sources */,
				460015532208987300C6E9F2 /* Config.swift in Sources */,
				469AA7AD23215D7D0092CBA1 /* StringExtension.swift in Sources */,
				B625A60920C038D000586F5E /* ViewController.swift in Sources */,
				460015512208987300C6E9F2 /* UserDefaultsKeys.swift in Sources */,
				B6EF1C5F20780879003E0095 /* SettingsWebViewController.swift in Sources */,
				469AA7A623215C830092CBA1 /* WeatherDetailViewController.swift in Sources */,
				B6EF1C6120780879003E0095 /* CalendarStoreViewController.swift in Sources */,
				460015542208987300C6E9F2 /* SettingsObject.swift in Sources */,
				46F45C5722608BA00005EAB6 /* UIColorExtension.swift in Sources */,
				46F45C5122607E800005EAB6 /* Bundle+ResourceBundle.swift in Sources */,
				469AA7A023215C830092CBA1 /* WeatherUnitCollectionViewCell.swift in Sources */,
				B6EF1C6520780879003E0095 /* LoadErrorView.swift in Sources */,
				46214AA3222913DE00A92F39 /* UIApplicationExtension.swift in Sources */,
				4657B81322BA106C003A2AE4 /* UITapGestureRecognizer.swift in Sources */,
				4689B9092397D42F0008F6F5 /* SJIntroPageContentViewController.swift in Sources */,
				B6EF1C6320780879003E0095 /* CalendarItemViewController.swift in Sources */,
				460015572208987300C6E9F2 /* URLRequest+Headers.swift in Sources */,
				4610CD16228DD54800CE25C2 /* Reach.swift in Sources */,
				4689B90A2397D42F0008F6F5 /* SJIntroPageViewController.swift in Sources */,
				460015582208987300C6E9F2 /* AnalyticsTracker.swift in Sources */,
				B67696AA20C16BE200D57347 /* CalendarStoreSinglePageViewController.swift in Sources */,
				B69268872089F32A003456FB /* PageViewController.swift in Sources */,
				4657B82322BCE174003A2AE4 /* DateExtension.swift in Sources */,
				465569F321C537FA00FE7064 /* SettingsManager.swift in Sources */,
				B6EF1C5E20780879003E0095 /* SettingsDetailViewController.swift in Sources */,
				B6EF1C6020780879003E0095 /* SettingsViewController.swift in Sources */,
				469AA7AB23215D520092CBA1 /* WeatherPointAnnotation.swift in Sources */,
				469AA7A423215C830092CBA1 /* WeatherUnitsViewController.swift in Sources */,
				B6EF1C6220780879003E0095 /* EventViewController.swift in Sources */,
			);
			runOnlyForDeploymentPostprocessing = 0;
		};
		B6D3E047204D97570044C800 /* Sources */ = {
			isa = PBXSourcesBuildPhase;
			buildActionMask = 2147483647;
			files = (
				B6D3E050204D97570044C800 /* iOS_SDKTests.swift in Sources */,
			);
			runOnlyForDeploymentPostprocessing = 0;
		};
/* End PBXSourcesBuildPhase section */

/* Begin PBXTargetDependency section */
		B6D3E04D204D97570044C800 /* PBXTargetDependency */ = {
			isa = PBXTargetDependency;
			target = B6D3E036204D97570044C800 /* iOS-SDK */;
			targetProxy = B6D3E04C204D97570044C800 /* PBXContainerItemProxy */;
		};
/* End PBXTargetDependency section */

/* Begin PBXVariantGroup section */
		B625A60320C038D000586F5E /* LaunchScreen.storyboard */ = {
			isa = PBXVariantGroup;
			children = (
				B625A60420C038D000586F5E /* Base */,
			);
			name = LaunchScreen.storyboard;
			sourceTree = "<group>";
		};
		B625A60520C038D000586F5E /* Main.storyboard */ = {
			isa = PBXVariantGroup;
			children = (
				B625A60620C038D000586F5E /* Base */,
			);
			name = Main.storyboard;
			sourceTree = "<group>";
		};
/* End PBXVariantGroup section */

/* Begin XCBuildConfiguration section */
		B6D3E052204D97570044C800 /* Debug */ = {
			isa = XCBuildConfiguration;
			buildSettings = {
				ALWAYS_SEARCH_USER_PATHS = NO;
				CLANG_ANALYZER_NONNULL = YES;
				CLANG_ANALYZER_NUMBER_OBJECT_CONVERSION = YES_AGGRESSIVE;
				CLANG_CXX_LANGUAGE_STANDARD = "gnu++14";
				CLANG_CXX_LIBRARY = "libc++";
				CLANG_ENABLE_MODULES = YES;
				CLANG_ENABLE_OBJC_ARC = YES;
				CLANG_WARN_BLOCK_CAPTURE_AUTORELEASING = YES;
				CLANG_WARN_BOOL_CONVERSION = YES;
				CLANG_WARN_COMMA = YES;
				CLANG_WARN_CONSTANT_CONVERSION = YES;
				CLANG_WARN_DEPRECATED_OBJC_IMPLEMENTATIONS = YES;
				CLANG_WARN_DIRECT_OBJC_ISA_USAGE = YES_ERROR;
				CLANG_WARN_DOCUMENTATION_COMMENTS = YES;
				CLANG_WARN_EMPTY_BODY = YES;
				CLANG_WARN_ENUM_CONVERSION = YES;
				CLANG_WARN_INFINITE_RECURSION = YES;
				CLANG_WARN_INT_CONVERSION = YES;
				CLANG_WARN_NON_LITERAL_NULL_CONVERSION = YES;
				CLANG_WARN_OBJC_IMPLICIT_RETAIN_SELF = YES;
				CLANG_WARN_OBJC_LITERAL_CONVERSION = YES;
				CLANG_WARN_OBJC_ROOT_CLASS = YES_ERROR;
				CLANG_WARN_RANGE_LOOP_ANALYSIS = YES;
				CLANG_WARN_STRICT_PROTOTYPES = YES;
				CLANG_WARN_SUSPICIOUS_MOVE = YES;
				CLANG_WARN_UNGUARDED_AVAILABILITY = YES_AGGRESSIVE;
				CLANG_WARN_UNREACHABLE_CODE = YES;
				CLANG_WARN__DUPLICATE_METHOD_MATCH = YES;
				CODE_SIGN_IDENTITY = "iPhone Developer";
				COPY_PHASE_STRIP = NO;
				DEBUG_INFORMATION_FORMAT = "dwarf-with-dsym";
				DEFINES_MODULE = YES;
				ENABLE_STRICT_OBJC_MSGSEND = YES;
				ENABLE_TESTABILITY = YES;
				GCC_C_LANGUAGE_STANDARD = gnu11;
				GCC_DYNAMIC_NO_PIC = NO;
				GCC_NO_COMMON_BLOCKS = YES;
				GCC_OPTIMIZATION_LEVEL = 0;
				GCC_PREPROCESSOR_DEFINITIONS = (
					"DEBUG=1",
					"$(inherited)",
				);
				GCC_WARN_64_TO_32_BIT_CONVERSION = YES;
				GCC_WARN_ABOUT_RETURN_TYPE = YES_ERROR;
				GCC_WARN_UNDECLARED_SELECTOR = YES;
				GCC_WARN_UNINITIALIZED_AUTOS = YES_AGGRESSIVE;
				GCC_WARN_UNUSED_FUNCTION = YES;
				GCC_WARN_UNUSED_VARIABLE = YES;
				IPHONEOS_DEPLOYMENT_TARGET = 11.2;
				MTL_ENABLE_DEBUG_INFO = YES;
				ONLY_ACTIVE_ARCH = YES;
				SDKROOT = iphoneos;
				SWIFT_ACTIVE_COMPILATION_CONDITIONS = DEBUG;
				SWIFT_OBJC_BRIDGING_HEADER = "";
				SWIFT_OPTIMIZATION_LEVEL = "-Onone";
			};
			name = Debug;
		};
		B6D3E053204D97570044C800 /* Release */ = {
			isa = XCBuildConfiguration;
			buildSettings = {
				ALWAYS_SEARCH_USER_PATHS = NO;
				CLANG_ANALYZER_NONNULL = YES;
				CLANG_ANALYZER_NUMBER_OBJECT_CONVERSION = YES_AGGRESSIVE;
				CLANG_CXX_LANGUAGE_STANDARD = "gnu++14";
				CLANG_CXX_LIBRARY = "libc++";
				CLANG_ENABLE_MODULES = YES;
				CLANG_ENABLE_OBJC_ARC = YES;
				CLANG_WARN_BLOCK_CAPTURE_AUTORELEASING = YES;
				CLANG_WARN_BOOL_CONVERSION = YES;
				CLANG_WARN_COMMA = YES;
				CLANG_WARN_CONSTANT_CONVERSION = YES;
				CLANG_WARN_DEPRECATED_OBJC_IMPLEMENTATIONS = YES;
				CLANG_WARN_DIRECT_OBJC_ISA_USAGE = YES_ERROR;
				CLANG_WARN_DOCUMENTATION_COMMENTS = YES;
				CLANG_WARN_EMPTY_BODY = YES;
				CLANG_WARN_ENUM_CONVERSION = YES;
				CLANG_WARN_INFINITE_RECURSION = YES;
				CLANG_WARN_INT_CONVERSION = YES;
				CLANG_WARN_NON_LITERAL_NULL_CONVERSION = YES;
				CLANG_WARN_OBJC_IMPLICIT_RETAIN_SELF = YES;
				CLANG_WARN_OBJC_LITERAL_CONVERSION = YES;
				CLANG_WARN_OBJC_ROOT_CLASS = YES_ERROR;
				CLANG_WARN_RANGE_LOOP_ANALYSIS = YES;
				CLANG_WARN_STRICT_PROTOTYPES = YES;
				CLANG_WARN_SUSPICIOUS_MOVE = YES;
				CLANG_WARN_UNGUARDED_AVAILABILITY = YES_AGGRESSIVE;
				CLANG_WARN_UNREACHABLE_CODE = YES;
				CLANG_WARN__DUPLICATE_METHOD_MATCH = YES;
				CODE_SIGN_IDENTITY = "iPhone Developer";
				COPY_PHASE_STRIP = NO;
				DEBUG_INFORMATION_FORMAT = "dwarf-with-dsym";
				DEFINES_MODULE = YES;
				ENABLE_NS_ASSERTIONS = NO;
				ENABLE_STRICT_OBJC_MSGSEND = YES;
				GCC_C_LANGUAGE_STANDARD = gnu11;
				GCC_NO_COMMON_BLOCKS = YES;
				GCC_WARN_64_TO_32_BIT_CONVERSION = YES;
				GCC_WARN_ABOUT_RETURN_TYPE = YES_ERROR;
				GCC_WARN_UNDECLARED_SELECTOR = YES;
				GCC_WARN_UNINITIALIZED_AUTOS = YES_AGGRESSIVE;
				GCC_WARN_UNUSED_FUNCTION = YES;
				GCC_WARN_UNUSED_VARIABLE = YES;
				IPHONEOS_DEPLOYMENT_TARGET = 11.2;
				MTL_ENABLE_DEBUG_INFO = NO;
				SDKROOT = iphoneos;
				SWIFT_OBJC_BRIDGING_HEADER = "";
				SWIFT_OPTIMIZATION_LEVEL = "-Owholemodule";
				VALIDATE_PRODUCT = YES;
			};
			name = Release;
		};
		B6D3E055204D97570044C800 /* Debug */ = {
			isa = XCBuildConfiguration;
			baseConfigurationReference = 116E5228BC3B1C0076C7D9CB /* Pods-iOS-SDK.debug.xcconfig */;
			buildSettings = {
				ASSETCATALOG_COMPILER_APPICON_NAME = AppIcon;
				CODE_SIGN_ENTITLEMENTS = "iOS-SDK.entitlements";
				CODE_SIGN_STYLE = Automatic;
				DEVELOPMENT_TEAM = H4FCPLHYSF;
				INFOPLIST_FILE = "$(SRCROOT)/Demo/Info.plist";
				IPHONEOS_DEPLOYMENT_TARGET = 11.2;
				LD_RUNPATH_SEARCH_PATHS = "$(inherited) @executable_path/Frameworks";
				PRODUCT_BUNDLE_IDENTIFIER = "api-test-user.schedjoules.com";
				PRODUCT_NAME = "$(TARGET_NAME)";
				SWIFT_OBJC_BRIDGING_HEADER = "";
				SWIFT_VERSION = 4.0;
				TARGETED_DEVICE_FAMILY = "1,2";
			};
			name = Debug;
		};
		B6D3E056204D97570044C800 /* Release */ = {
			isa = XCBuildConfiguration;
			baseConfigurationReference = 32F3C33597A535DB8FABA56F /* Pods-iOS-SDK.release.xcconfig */;
			buildSettings = {
				ASSETCATALOG_COMPILER_APPICON_NAME = AppIcon;
				CODE_SIGN_ENTITLEMENTS = "iOS-SDK.entitlements";
				CODE_SIGN_STYLE = Automatic;
				DEVELOPMENT_TEAM = H4FCPLHYSF;
				INFOPLIST_FILE = "$(SRCROOT)/Demo/Info.plist";
				IPHONEOS_DEPLOYMENT_TARGET = 11.2;
				LD_RUNPATH_SEARCH_PATHS = "$(inherited) @executable_path/Frameworks";
				PRODUCT_BUNDLE_IDENTIFIER = "api-test-user.schedjoules.com";
				PRODUCT_NAME = "$(TARGET_NAME)";
				SWIFT_OBJC_BRIDGING_HEADER = "";
				SWIFT_VERSION = 4.0;
				TARGETED_DEVICE_FAMILY = "1,2";
			};
			name = Release;
		};
		B6D3E058204D97570044C800 /* Debug */ = {
			isa = XCBuildConfiguration;
			buildSettings = {
				ALWAYS_EMBED_SWIFT_STANDARD_LIBRARIES = YES;
				BUNDLE_LOADER = "$(TEST_HOST)";
				CODE_SIGN_STYLE = Automatic;
				DEVELOPMENT_TEAM = H4FCPLHYSF;
				HEADER_SEARCH_PATHS = "$(SRCROOT)/Pods/**";
				INFOPLIST_FILE = "iOS-SDKTests/Info.plist";
				IPHONEOS_DEPLOYMENT_TARGET = 11.4;
				LD_RUNPATH_SEARCH_PATHS = "$(inherited) @executable_path/Frameworks @loader_path/Frameworks";
				PRODUCT_BUNDLE_IDENTIFIER = "com.schedjoules.iOS-SDKTests";
				PRODUCT_NAME = "$(TARGET_NAME)";
				SWIFT_VERSION = 4.0;
				TARGETED_DEVICE_FAMILY = "1,2";
				TEST_HOST = "$(BUILT_PRODUCTS_DIR)/iOS-SDK.app/iOS-SDK";
			};
			name = Debug;
		};
		B6D3E059204D97570044C800 /* Release */ = {
			isa = XCBuildConfiguration;
			buildSettings = {
				ALWAYS_EMBED_SWIFT_STANDARD_LIBRARIES = YES;
				BUNDLE_LOADER = "$(TEST_HOST)";
				CODE_SIGN_STYLE = Automatic;
				DEVELOPMENT_TEAM = H4FCPLHYSF;
				HEADER_SEARCH_PATHS = "$(SRCROOT)/Pods/**";
				INFOPLIST_FILE = "iOS-SDKTests/Info.plist";
				IPHONEOS_DEPLOYMENT_TARGET = 11.4;
				LD_RUNPATH_SEARCH_PATHS = "$(inherited) @executable_path/Frameworks @loader_path/Frameworks";
				PRODUCT_BUNDLE_IDENTIFIER = "com.schedjoules.iOS-SDKTests";
				PRODUCT_NAME = "$(TARGET_NAME)";
				SWIFT_VERSION = 4.0;
				TARGETED_DEVICE_FAMILY = "1,2";
				TEST_HOST = "$(BUILT_PRODUCTS_DIR)/iOS-SDK.app/iOS-SDK";
			};
			name = Release;
		};
/* End XCBuildConfiguration section */

/* Begin XCConfigurationList section */
		B6D3E032204D97570044C800 /* Build configuration list for PBXProject "iOS-SDK" */ = {
			isa = XCConfigurationList;
			buildConfigurations = (
				B6D3E052204D97570044C800 /* Debug */,
				B6D3E053204D97570044C800 /* Release */,
			);
			defaultConfigurationIsVisible = 0;
			defaultConfigurationName = Release;
		};
		B6D3E054204D97570044C800 /* Build configuration list for PBXNativeTarget "iOS-SDK" */ = {
			isa = XCConfigurationList;
			buildConfigurations = (
				B6D3E055204D97570044C800 /* Debug */,
				B6D3E056204D97570044C800 /* Release */,
			);
			defaultConfigurationIsVisible = 0;
			defaultConfigurationName = Release;
		};
		B6D3E057204D97570044C800 /* Build configuration list for PBXNativeTarget "iOS-SDKTests" */ = {
			isa = XCConfigurationList;
			buildConfigurations = (
				B6D3E058204D97570044C800 /* Debug */,
				B6D3E059204D97570044C800 /* Release */,
			);
			defaultConfigurationIsVisible = 0;
			defaultConfigurationName = Release;
		};
/* End XCConfigurationList section */
	};
	rootObject = B6D3E02F204D97570044C800 /* Project object */;
}
